{
  "lockfile_version": "1",
  "packages": {
    "nodePackages.pnpm@latest": {
      "last_modified": "2024-03-22T11:26:23Z",
      "resolved": "github:NixOS/nixpkgs/a3ed7406349a9335cb4c2a71369b697cecd9d351#nodePackages.pnpm",
      "source": "devbox-search",
      "version": "8.15.5",
      "systems": {
        "aarch64-darwin": {
          "outputs": [
            {
              "name": "out",
              "path": "/nix/store/i7k6jpvfh4n0syvrrpjsqb1brw792wn8-pnpm-8.15.5",
              "default": true
            }
          ],
          "store_path": "/nix/store/i7k6jpvfh4n0syvrrpjsqb1brw792wn8-pnpm-8.15.5"
        },
        "aarch64-linux": {
          "outputs": [
            {
              "name": "out",
              "path": "/nix/store/d1645fw8fvghb8pm07a771600yh41rcf-pnpm-8.15.5",
              "default": true
            }
          ],
          "store_path": "/nix/store/d1645fw8fvghb8pm07a771600yh41rcf-pnpm-8.15.5"
        },
        "x86_64-darwin": {
          "outputs": [
            {
              "name": "out",
              "path": "/nix/store/q35967zhybhxsnj0yswz6fc8a319w7rf-pnpm-8.15.5",
              "default": true
            }
          ],
          "store_path": "/nix/store/q35967zhybhxsnj0yswz6fc8a319w7rf-pnpm-8.15.5"
        },
        "x86_64-linux": {
          "outputs": [
            {
              "name": "out",
              "path": "/nix/store/6l54nqk9ljnr0zhbm8kzdx051whwabcq-pnpm-8.15.5",
              "default": true
            }
          ],
          "store_path": "/nix/store/6l54nqk9ljnr0zhbm8kzdx051whwabcq-pnpm-8.15.5"
        }
      }
    }
  }
}
