{
  "lockfile_version": "1",
  "packages": {
    "go@latest": {
      "last_modified": "2024-01-27T14:55:31Z",
      "resolved": "github:NixOS/nixpkgs/160b762eda6d139ac10ae081f8f78d640dd523eb#go",
      "source": "devbox-search",
      "version": "1.21.6",
      "systems": {
        "aarch64-darwin": {
          "store_path": "/nix/store/8m3wjb23sfbjpjsj4l82b4zh9xnw62hh-go-1.21.6"
        },
        "aarch64-linux": {
          "store_path": "/nix/store/ia1z2slwgdgibad4z42rpd1dib7gk999-go-1.21.6"
        },
        "x86_64-darwin": {
          "store_path": "/nix/store/dm4s4dfrah5zhl6larnrbh07v76j4pgy-go-1.21.6"
        },
        "x86_64-linux": {
          "store_path": "/nix/store/cw9dqybf9w6wp7827h23pb3ym8gs8h47-go-1.21.6"
        }
      }
    },
    "nodePackages.pnpm@latest": {
      "last_modified": "2024-01-23T02:13:08Z",
      "resolved": "github:NixOS/nixpkgs/4d3d04cfd372a0511f12b885c9822e406b00fe8e#nodePackages.pnpm",
      "source": "devbox-search",
      "version": "8.14.0",
      "systems": {
        "aarch64-darwin": {
          "store_path": "/nix/store/rw37gcc3m93kh2hq3pi8891g41p54518-pnpm-8.14.0"
        },
        "aarch64-linux": {
          "store_path": "/nix/store/ab961l4fcs1n5ldfy4463kqr4pln1cxc-pnpm-8.14.0"
        },
        "x86_64-darwin": {
          "store_path": "/nix/store/06qmz8k1gi9s68mcynlyis35w2pj6fl6-pnpm-8.14.0"
        },
        "x86_64-linux": {
          "store_path": "/nix/store/pgzxiapcydn1mmqh1w4jkl9pcw7ybbj4-pnpm-8.14.0"
        }
      }
    }
  }
}
